
Microsoft Visual Studio Solution File, Format Version 12.00
# Visual Studio Version 17
VisualStudioVersion = 17.7.34031.279
MinimumVisualStudioVersion = 10.0.40219.1
Project("{9A19103F-16F7-4668-BE54-9A1E7A4F7556}") = "LongRunningJobImitator.Api", "LongRunningJobImitator.Api\LongRunningJobImitator.Api.csproj", "{8BB4DD99-EEF8-49AE-9E51-475C44681D66}"
EndProject
Project("{E53339B2-1760-4266-BCC7-CA923CBCF16C}") = "docker-compose", "docker-compose.dcproj", "{23596AFB-31CB-4E89-B200-08A66077E0F1}"
EndProject
Project("{9A19103F-16F7-4668-BE54-9A1E7A4F7556}") = "LongRunningJobImitator.Services", "LongRunningJobImitator.Services\LongRunningJobImitator.Services.csproj", "{8B6EBA12-6296-4DB9-8E1E-FFB7C44F0E23}"
EndProject
Global
	GlobalSection(SolutionConfigurationPlatforms) = preSolution
		Debug|Any CPU = Debug|Any CPU
		Release|Any CPU = Release|Any CPU
	EndGlobalSection
	GlobalSection(ProjectConfigurationPlatforms) = postSolution
		{8BB4DD99-EEF8-49AE-9E51-475C44681D66}.Debug|Any CPU.ActiveCfg = Debug|Any CPU
		{8BB4DD99-EEF8-49AE-9E51-475C44681D66}.Debug|Any CPU.Build.0 = Debug|Any CPU
		{8BB4DD99-EEF8-49AE-9E51-475C44681D66}.Release|Any CPU.ActiveCfg = Release|Any CPU
		{8BB4DD99-EEF8-49AE-9E51-475C44681D66}.Release|Any CPU.Build.0 = Release|Any CPU
		{23596AFB-31CB-4E89-B200-08A66077E0F1}.Debug|Any CPU.ActiveCfg = Debug|Any CPU
		{23596AFB-31CB-4E89-B200-08A66077E0F1}.Debug|Any CPU.Build.0 = Debug|Any CPU
		{23596AFB-31CB-4E89-B200-08A66077E0F1}.Release|Any CPU.ActiveCfg = Release|Any CPU
		{23596AFB-31CB-4E89-B200-08A66077E0F1}.Release|Any CPU.Build.0 = Release|Any CPU
		{8B6EBA12-6296-4DB9-8E1E-FFB7C44F0E23}.Debug|Any CPU.ActiveCfg = Debug|Any CPU
		{8B6EBA12-6296-4DB9-8E1E-FFB7C44F0E23}.Debug|Any CPU.Build.0 = Debug|Any CPU
		{8B6EBA12-6296-4DB9-8E1E-FFB7C44F0E23}.Release|Any CPU.ActiveCfg = Release|Any CPU
		{8B6EBA12-6296-4DB9-8E1E-FFB7C44F0E23}.Release|Any CPU.Build.0 = Release|Any CPU
	EndGlobalSection
	GlobalSection(SolutionProperties) = preSolution
		HideSolutionNode = FALSE
	EndGlobalSection
	GlobalSection(ExtensibilityGlobals) = postSolution
		SolutionGuid = {17D5B238-3856-4100-862C-4750C98729E7}
	EndGlobalSection
EndGlobal
