
Microsoft Visual Studio Solution File, Format Version 12.00
# Visual Studio Version 17
VisualStudioVersion = 17.7.34031.279
MinimumVisualStudioVersion = 10.0.40219.1
Project("{9A19103F-16F7-4668-BE54-9A1E7A4F7556}") = "LongRunningJobImitator.Api", "LongRunningJobImitator.Api\LongRunningJobImitator.Api.csproj", "{8BB4DD99-EEF8-49AE-9E51-475C44681D66}"
EndProject
Project("{E53339B2-1760-4266-BCC7-CA923CBCF16C}") = "docker-compose", "docker-compose.dcproj", "{23596AFB-31CB-4E89-B200-08A66077E0F1}"
EndProject
Project("{9A19103F-16F7-4668-BE54-9A1E7A4F7556}") = "LongRunningJobImitator.Services", "LongRunningJobImitator.Services\LongRunningJobImitator.Services.csproj", "{8B6EBA12-6296-4DB9-8E1E-FFB7C44F0E23}"
EndProject
Project("{9A19103F-16F7-4668-BE54-9A1E7A4F7556}") = "LongRunningJobImitator.Services.Tests", "LongRunningJobImitator.Services.Tests\LongRunningJobImitator.Services.Tests.csproj", "{7B8374A8-E7DB-4122-B209-40C61B2D52DC}"
EndProject
Project("{9A19103F-16F7-4668-BE54-9A1E7A4F7556}") = "LongRunningJobImitator.Accessors", "LongRunningJobImitator.Accessors\LongRunningJobImitator.Accessors.csproj", "{C5450756-CBB9-4E19-85CE-6D263B318FD1}"
EndProject
Project("{9A19103F-16F7-4668-BE54-9A1E7A4F7556}") = "LongRunningJobImitator.BackgroundServices", "LongRunningJobImitator.BackgroundServices\LongRunningJobImitator.BackgroundServices.csproj", "{2236600F-09D1-4734-8945-9CF8B20DE2A4}"
EndProject
Project("{FAE04EC0-301F-11D3-BF4B-00C04F79EFBC}") = "LongRunningJobImitator.ClientContracts", "LongRunningJobImitator.ClientContracts\LongRunningJobImitator.ClientContracts.csproj", "{8961EC85-66DB-4B5A-8217-8A437B4347D0}"
EndProject
Project("{FAE04EC0-301F-11D3-BF4B-00C04F79EFBC}") = "LongRunningJobImitator.Notification.Api", "LongRunningJobImitator.Notification.Api\LongRunningJobImitator.Notification.Api.csproj", "{798AD77B-4E4D-4A1C-8E8A-842E2207691C}"
EndProject
Global
	GlobalSection(SolutionConfigurationPlatforms) = preSolution
		Debug|Any CPU = Debug|Any CPU
		Release|Any CPU = Release|Any CPU
	EndGlobalSection
	GlobalSection(ProjectConfigurationPlatforms) = postSolution
		{8BB4DD99-EEF8-49AE-9E51-475C44681D66}.Debug|Any CPU.ActiveCfg = Debug|Any CPU
		{8BB4DD99-EEF8-49AE-9E51-475C44681D66}.Debug|Any CPU.Build.0 = Debug|Any CPU
		{8BB4DD99-EEF8-49AE-9E51-475C44681D66}.Release|Any CPU.ActiveCfg = Release|Any CPU
		{8BB4DD99-EEF8-49AE-9E51-475C44681D66}.Release|Any CPU.Build.0 = Release|Any CPU
		{23596AFB-31CB-4E89-B200-08A66077E0F1}.Debug|Any CPU.ActiveCfg = Debug|Any CPU
		{23596AFB-31CB-4E89-B200-08A66077E0F1}.Debug|Any CPU.Build.0 = Debug|Any CPU
		{23596AFB-31CB-4E89-B200-08A66077E0F1}.Release|Any CPU.ActiveCfg = Release|Any CPU
		{23596AFB-31CB-4E89-B200-08A66077E0F1}.Release|Any CPU.Build.0 = Release|Any CPU
		{8B6EBA12-6296-4DB9-8E1E-FFB7C44F0E23}.Debug|Any CPU.ActiveCfg = Debug|Any CPU
		{8B6EBA12-6296-4DB9-8E1E-FFB7C44F0E23}.Debug|Any CPU.Build.0 = Debug|Any CPU
		{8B6EBA12-6296-4DB9-8E1E-FFB7C44F0E23}.Release|Any CPU.ActiveCfg = Release|Any CPU
		{8B6EBA12-6296-4DB9-8E1E-FFB7C44F0E23}.Release|Any CPU.Build.0 = Release|Any CPU
		{7B8374A8-E7DB-4122-B209-40C61B2D52DC}.Debug|Any CPU.ActiveCfg = Debug|Any CPU
		{7B8374A8-E7DB-4122-B209-40C61B2D52DC}.Debug|Any CPU.Build.0 = Debug|Any CPU
		{7B8374A8-E7DB-4122-B209-40C61B2D52DC}.Release|Any CPU.ActiveCfg = Release|Any CPU
		{7B8374A8-E7DB-4122-B209-40C61B2D52DC}.Release|Any CPU.Build.0 = Release|Any CPU
		{C5450756-CBB9-4E19-85CE-6D263B318FD1}.Debug|Any CPU.ActiveCfg = Debug|Any CPU
		{C5450756-CBB9-4E19-85CE-6D263B318FD1}.Debug|Any CPU.Build.0 = Debug|Any CPU
		{C5450756-CBB9-4E19-85CE-6D263B318FD1}.Release|Any CPU.ActiveCfg = Release|Any CPU
		{C5450756-CBB9-4E19-85CE-6D263B318FD1}.Release|Any CPU.Build.0 = Release|Any CPU
		{2236600F-09D1-4734-8945-9CF8B20DE2A4}.Debug|Any CPU.ActiveCfg = Debug|Any CPU
		{2236600F-09D1-4734-8945-9CF8B20DE2A4}.Debug|Any CPU.Build.0 = Debug|Any CPU
		{2236600F-09D1-4734-8945-9CF8B20DE2A4}.Release|Any CPU.ActiveCfg = Release|Any CPU
		{2236600F-09D1-4734-8945-9CF8B20DE2A4}.Release|Any CPU.Build.0 = Release|Any CPU
		{8961EC85-66DB-4B5A-8217-8A437B4347D0}.Debug|Any CPU.ActiveCfg = Debug|Any CPU
		{8961EC85-66DB-4B5A-8217-8A437B4347D0}.Debug|Any CPU.Build.0 = Debug|Any CPU
		{8961EC85-66DB-4B5A-8217-8A437B4347D0}.Release|Any CPU.ActiveCfg = Release|Any CPU
		{8961EC85-66DB-4B5A-8217-8A437B4347D0}.Release|Any CPU.Build.0 = Release|Any CPU
		{798AD77B-4E4D-4A1C-8E8A-842E2207691C}.Debug|Any CPU.ActiveCfg = Debug|Any CPU
		{798AD77B-4E4D-4A1C-8E8A-842E2207691C}.Debug|Any CPU.Build.0 = Debug|Any CPU
		{798AD77B-4E4D-4A1C-8E8A-842E2207691C}.Release|Any CPU.ActiveCfg = Release|Any CPU
		{798AD77B-4E4D-4A1C-8E8A-842E2207691C}.Release|Any CPU.Build.0 = Release|Any CPU
	EndGlobalSection
	GlobalSection(SolutionProperties) = preSolution
		HideSolutionNode = FALSE
	EndGlobalSection
	GlobalSection(ExtensibilityGlobals) = postSolution
		SolutionGuid = {17D5B238-3856-4100-862C-4750C98729E7}
	EndGlobalSection
EndGlobal
